// !$*UTF8*$!
{
	archiveVersion = 1;
	classes = {
	};
	objectVersion = 55;
	objects = {

/* Begin PBXBuildFile section */
		C69159E527B1DE1800E8286A /* ContainerViewController.swift in Sources */ = {isa = PBXBuildFile; fileRef = C69159E427B1DE1800E8286A /* ContainerViewController.swift */; };
		C69159E727B2A73600E8286A /* FirstViewController.swift in Sources */ = {isa = PBXBuildFile; fileRef = C69159E627B2A73600E8286A /* FirstViewController.swift */; };
		C69159E927B2A74600E8286A /* SecondViewController.swift in Sources */ = {isa = PBXBuildFile; fileRef = C69159E827B2A74600E8286A /* SecondViewController.swift */; };
		C69159EB27B2A75F00E8286A /* ThirdViewController.swift in Sources */ = {isa = PBXBuildFile; fileRef = C69159EA27B2A75F00E8286A /* ThirdViewController.swift */; };
		C6915A0D27B6567600E8286A /* TypeTabButtonLabelStoryboardIDInfo.swift in Sources */ = {isa = PBXBuildFile; fileRef = C6915A0C27B6567600E8286A /* TypeTabButtonLabelStoryboardIDInfo.swift */; };
		C6915A0F27B7306A00E8286A /* TabItemCollectionViewCell.swift in Sources */ = {isa = PBXBuildFile; fileRef = C6915A0E27B7306A00E8286A /* TabItemCollectionViewCell.swift */; };
		C6915A1127B8203F00E8286A /* ContainerPageView.swift in Sources */ = {isa = PBXBuildFile; fileRef = C6915A1027B8203F00E8286A /* ContainerPageView.swift */; };
		C6A9C54B27C3B73300A0D361 /* UIViewExtension.swift in Sources */ = {isa = PBXBuildFile; fileRef = C6A9C54A27C3B73300A0D361 /* UIViewExtension.swift */; };
		C6C9F05E27AF7FDE00111420 /* AppDelegate.swift in Sources */ = {isa = PBXBuildFile; fileRef = C6C9F05D27AF7FDE00111420 /* AppDelegate.swift */; };
		C6C9F06027AF7FDE00111420 /* SceneDelegate.swift in Sources */ = {isa = PBXBuildFile; fileRef = C6C9F05F27AF7FDE00111420 /* SceneDelegate.swift */; };
		C6C9F06227AF7FDE00111420 /* ViewController.swift in Sources */ = {isa = PBXBuildFile; fileRef = C6C9F06127AF7FDE00111420 /* ViewController.swift */; };
		C6C9F06527AF7FDE00111420 /* Main.storyboard in Resources */ = {isa = PBXBuildFile; fileRef = C6C9F06327AF7FDE00111420 /* Main.storyboard */; };
		C6C9F06727AF7FDF00111420 /* Assets.xcassets in Resources */ = {isa = PBXBuildFile; fileRef = C6C9F06627AF7FDF00111420 /* Assets.xcassets */; };
		C6C9F06A27AF7FDF00111420 /* LaunchScreen.storyboard in Resources */ = {isa = PBXBuildFile; fileRef = C6C9F06827AF7FDF00111420 /* LaunchScreen.storyboard */; };
/* End PBXBuildFile section */

/* Begin PBXFileReference section */
		C69159E427B1DE1800E8286A /* ContainerViewController.swift */ = {isa = PBXFileReference; lastKnownFileType = sourcecode.swift; path = ContainerViewController.swift; sourceTree = "<group>"; };
		C69159E627B2A73600E8286A /* FirstViewController.swift */ = {isa = PBXFileReference; lastKnownFileType = sourcecode.swift; path = FirstViewController.swift; sourceTree = "<group>"; };
		C69159E827B2A74600E8286A /* SecondViewController.swift */ = {isa = PBXFileReference; lastKnownFileType = sourcecode.swift; path = SecondViewController.swift; sourceTree = "<group>"; };
		C69159EA27B2A75F00E8286A /* ThirdViewController.swift */ = {isa = PBXFileReference; lastKnownFileType = sourcecode.swift; path = ThirdViewController.swift; sourceTree = "<group>"; };
		C6915A0C27B6567600E8286A /* TypeTabButtonLabelStoryboardIDInfo.swift */ = {isa = PBXFileReference; lastKnownFileType = sourcecode.swift; path = TypeTabButtonLabelStoryboardIDInfo.swift; sourceTree = "<group>"; };
		C6915A0E27B7306A00E8286A /* TabItemCollectionViewCell.swift */ = {isa = PBXFileReference; lastKnownFileType = sourcecode.swift; path = TabItemCollectionViewCell.swift; sourceTree = "<group>"; };
		C6915A1027B8203F00E8286A /* ContainerPageView.swift */ = {isa = PBXFileReference; lastKnownFileType = sourcecode.swift; path = ContainerPageView.swift; sourceTree = "<group>"; };
		C6A9C54A27C3B73300A0D361 /* UIViewExtension.swift */ = {isa = PBXFileReference; lastKnownFileType = sourcecode.swift; path = UIViewExtension.swift; sourceTree = "<group>"; };
		C6C9F05A27AF7FDE00111420 /* ContainerPageViewController.app */ = {isa = PBXFileReference; explicitFileType = wrapper.application; includeInIndex = 0; path = ContainerPageViewController.app; sourceTree = BUILT_PRODUCTS_DIR; };
		C6C9F05D27AF7FDE00111420 /* AppDelegate.swift */ = {isa = PBXFileReference; lastKnownFileType = sourcecode.swift; path = AppDelegate.swift; sourceTree = "<group>"; };
		C6C9F05F27AF7FDE00111420 /* SceneDelegate.swift */ = {isa = PBXFileReference; lastKnownFileType = sourcecode.swift; path = SceneDelegate.swift; sourceTree = "<group>"; };
		C6C9F06127AF7FDE00111420 /* ViewController.swift */ = {isa = PBXFileReference; lastKnownFileType = sourcecode.swift; path = ViewController.swift; sourceTree = "<group>"; };
		C6C9F06427AF7FDE00111420 /* Base */ = {isa = PBXFileReference; lastKnownFileType = file.storyboard; name = Base; path = Base.lproj/Main.storyboard; sourceTree = "<group>"; };
		C6C9F06627AF7FDF00111420 /* Assets.xcassets */ = {isa = PBXFileReference; lastKnownFileType = folder.assetcatalog; path = Assets.xcassets; sourceTree = "<group>"; };
		C6C9F06927AF7FDF00111420 /* Base */ = {isa = PBXFileReference; lastKnownFileType = file.storyboard; name = Base; path = Base.lproj/LaunchScreen.storyboard; sourceTree = "<group>"; };
		C6C9F06B27AF7FDF00111420 /* Info.plist */ = {isa = PBXFileReference; lastKnownFileType = text.plist.xml; path = Info.plist; sourceTree = "<group>"; };
/* End PBXFileReference section */

/* Begin PBXFrameworksBuildPhase section */
		C6C9F05727AF7FDE00111420 /* Frameworks */ = {
			isa = PBXFrameworksBuildPhase;
			buildActionMask = 2147483647;
			files = (
			);
			runOnlyForDeploymentPostprocessing = 0;
		};
/* End PBXFrameworksBuildPhase section */

/* Begin PBXGroup section */
		C6C9F05127AF7FDE00111420 = {
			isa = PBXGroup;
			children = (
				C6C9F05C27AF7FDE00111420 /* ContainerPageViewController */,
				C6C9F05B27AF7FDE00111420 /* Products */,
			);
			sourceTree = "<group>";
		};
		C6C9F05B27AF7FDE00111420 /* Products */ = {
			isa = PBXGroup;
			children = (
				C6C9F05A27AF7FDE00111420 /* ContainerPageViewController.app */,
			);
			name = Products;
			sourceTree = "<group>";
		};
		C6C9F05C27AF7FDE00111420 /* ContainerPageViewController */ = {
			isa = PBXGroup;
			children = (
				C6C9F05D27AF7FDE00111420 /* AppDelegate.swift */,
				C6C9F05F27AF7FDE00111420 /* SceneDelegate.swift */,
				C6C9F06127AF7FDE00111420 /* ViewController.swift */,
				C6915A0E27B7306A00E8286A /* TabItemCollectionViewCell.swift */,
				C6915A1027B8203F00E8286A /* ContainerPageView.swift */,
				C69159E427B1DE1800E8286A /* ContainerViewController.swift */,
				C6915A0C27B6567600E8286A /* TypeTabButtonLabelStoryboardIDInfo.swift */,
				C6A9C54A27C3B73300A0D361 /* UIViewExtension.swift */,
				C6C9F06327AF7FDE00111420 /* Main.storyboard */,
				C69159E627B2A73600E8286A /* FirstViewController.swift */,
				C69159E827B2A74600E8286A /* SecondViewController.swift */,
				C69159EA27B2A75F00E8286A /* ThirdViewController.swift */,
				C6C9F06627AF7FDF00111420 /* Assets.xcassets */,
				C6C9F06827AF7FDF00111420 /* LaunchScreen.storyboard */,
				C6C9F06B27AF7FDF00111420 /* Info.plist */,
			);
			path = ContainerPageViewController;
			sourceTree = "<group>";
		};
/* End PBXGroup section */

/* Begin PBXNativeTarget section */
		C6C9F05927AF7FDE00111420 /* ContainerPageViewController */ = {
			isa = PBXNativeTarget;
			buildConfigurationList = C6C9F06E27AF7FDF00111420 /* Build configuration list for PBXNativeTarget "ContainerPageViewController" */;
			buildPhases = (
				C6C9F05627AF7FDE00111420 /* Sources */,
				C6C9F05727AF7FDE00111420 /* Frameworks */,
				C6C9F05827AF7FDE00111420 /* Resources */,
			);
			buildRules = (
			);
			dependencies = (
			);
			name = ContainerPageViewController;
			productName = ContainerPageViewController;
			productReference = C6C9F05A27AF7FDE00111420 /* ContainerPageViewController.app */;
			productType = "com.apple.product-type.application";
		};
/* End PBXNativeTarget section */

/* Begin PBXProject section */
		C6C9F05227AF7FDE00111420 /* Project object */ = {
			isa = PBXProject;
			attributes = {
				BuildIndependentTargetsInParallel = 1;
				LastSwiftUpdateCheck = 1320;
				LastUpgradeCheck = 1320;
				TargetAttributes = {
					C6C9F05927AF7FDE00111420 = {
						CreatedOnToolsVersion = 13.2.1;
					};
				};
			};
			buildConfigurationList = C6C9F05527AF7FDE00111420 /* Build configuration list for PBXProject "ContainerPageViewController" */;
			compatibilityVersion = "Xcode 13.0";
			developmentRegion = en;
			hasScannedForEncodings = 0;
			knownRegions = (
				en,
				Base,
			);
			mainGroup = C6C9F05127AF7FDE00111420;
			productRefGroup = C6C9F05B27AF7FDE00111420 /* Products */;
			projectDirPath = "";
			projectRoot = "";
			targets = (
				C6C9F05927AF7FDE00111420 /* ContainerPageViewController */,
			);
		};
/* End PBXProject section */

/* Begin PBXResourcesBuildPhase section */
		C6C9F05827AF7FDE00111420 /* Resources */ = {
			isa = PBXResourcesBuildPhase;
			buildActionMask = 2147483647;
			files = (
				C6C9F06A27AF7FDF00111420 /* LaunchScreen.storyboard in Resources */,
				C6C9F06727AF7FDF00111420 /* Assets.xcassets in Resources */,
				C6C9F06527AF7FDE00111420 /* Main.storyboard in Resources */,
			);
			runOnlyForDeploymentPostprocessing = 0;
		};
/* End PBXResourcesBuildPhase section */

/* Begin PBXSourcesBuildPhase section */
		C6C9F05627AF7FDE00111420 /* Sources */ = {
			isa = PBXSourcesBuildPhase;
			buildActionMask = 2147483647;
			files = (
				C6915A0D27B6567600E8286A /* TypeTabButtonLabelStoryboardIDInfo.swift in Sources */,
				C69159E927B2A74600E8286A /* SecondViewController.swift in Sources */,
				C6A9C54B27C3B73300A0D361 /* UIViewExtension.swift in Sources */,
				C69159E727B2A73600E8286A /* FirstViewController.swift in Sources */,
				C6C9F06227AF7FDE00111420 /* ViewController.swift in Sources */,
				C69159EB27B2A75F00E8286A /* ThirdViewController.swift in Sources */,
				C6915A0F27B7306A00E8286A /* TabItemCollectionViewCell.swift in Sources */,
				C6C9F05E27AF7FDE00111420 /* AppDelegate.swift in Sources */,
				C69159E527B1DE1800E8286A /* ContainerViewController.swift in Sources */,
				C6915A1127B8203F00E8286A /* ContainerPageView.swift in Sources */,
				C6C9F06027AF7FDE00111420 /* SceneDelegate.swift in Sources */,
			);
			runOnlyForDeploymentPostprocessing = 0;
		};
/* End PBXSourcesBuildPhase section */

/* Begin PBXVariantGroup section */
		C6C9F06327AF7FDE00111420 /* Main.storyboard */ = {
			isa = PBXVariantGroup;
			children = (
				C6C9F06427AF7FDE00111420 /* Base */,
			);
			name = Main.storyboard;
			sourceTree = "<group>";
		};
		C6C9F06827AF7FDF00111420 /* LaunchScreen.storyboard */ = {
			isa = PBXVariantGroup;
			children = (
				C6C9F06927AF7FDF00111420 /* Base */,
			);
			name = LaunchScreen.storyboard;
			sourceTree = "<group>";
		};
/* End PBXVariantGroup section */

/* Begin XCBuildConfiguration section */
		C6C9F06C27AF7FDF00111420 /* Debug */ = {
			isa = XCBuildConfiguration;
			buildSettings = {
				ALWAYS_SEARCH_USER_PATHS = NO;
				CLANG_ANALYZER_NONNULL = YES;
				CLANG_ANALYZER_NUMBER_OBJECT_CONVERSION = YES_AGGRESSIVE;
				CLANG_CXX_LANGUAGE_STANDARD = "gnu++17";
				CLANG_CXX_LIBRARY = "libc++";
				CLANG_ENABLE_MODULES = YES;
				CLANG_ENABLE_OBJC_ARC = YES;
				CLANG_ENABLE_OBJC_WEAK = YES;
				CLANG_WARN_BLOCK_CAPTURE_AUTORELEASING = YES;
				CLANG_WARN_BOOL_CONVERSION = YES;
				CLANG_WARN_COMMA = YES;
				CLANG_WARN_CONSTANT_CONVERSION = YES;
				CLANG_WARN_DEPRECATED_OBJC_IMPLEMENTATIONS = YES;
				CLANG_WARN_DIRECT_OBJC_ISA_USAGE = YES_ERROR;
				CLANG_WARN_DOCUMENTATION_COMMENTS = YES;
				CLANG_WARN_EMPTY_BODY = YES;
				CLANG_WARN_ENUM_CONVERSION = YES;
				CLANG_WARN_INFINITE_RECURSION = YES;
				CLANG_WARN_INT_CONVERSION = YES;
				CLANG_WARN_NON_LITERAL_NULL_CONVERSION = YES;
				CLANG_WARN_OBJC_IMPLICIT_RETAIN_SELF = YES;
				CLANG_WARN_OBJC_LITERAL_CONVERSION = YES;
				CLANG_WARN_OBJC_ROOT_CLASS = YES_ERROR;
				CLANG_WARN_QUOTED_INCLUDE_IN_FRAMEWORK_HEADER = YES;
				CLANG_WARN_RANGE_LOOP_ANALYSIS = YES;
				CLANG_WARN_STRICT_PROTOTYPES = YES;
				CLANG_WARN_SUSPICIOUS_MOVE = YES;
				CLANG_WARN_UNGUARDED_AVAILABILITY = YES_AGGRESSIVE;
				CLANG_WARN_UNREACHABLE_CODE = YES;
				CLANG_WARN__DUPLICATE_METHOD_MATCH = YES;
				COPY_PHASE_STRIP = NO;
				DEBUG_INFORMATION_FORMAT = dwarf;
				ENABLE_STRICT_OBJC_MSGSEND = YES;
				ENABLE_TESTABILITY = YES;
				GCC_C_LANGUAGE_STANDARD = gnu11;
				GCC_DYNAMIC_NO_PIC = NO;
				GCC_NO_COMMON_BLOCKS = YES;
				GCC_OPTIMIZATION_LEVEL = 0;
				GCC_PREPROCESSOR_DEFINITIONS = (
					"DEBUG=1",
					"$(inherited)",
				);
				GCC_WARN_64_TO_32_BIT_CONVERSION = YES;
				GCC_WARN_ABOUT_RETURN_TYPE = YES_ERROR;
				GCC_WARN_UNDECLARED_SELECTOR = YES;
				GCC_WARN_UNINITIALIZED_AUTOS = YES_AGGRESSIVE;
				GCC_WARN_UNUSED_FUNCTION = YES;
				GCC_WARN_UNUSED_VARIABLE = YES;
				IPHONEOS_DEPLOYMENT_TARGET = 15.2;
				MTL_ENABLE_DEBUG_INFO = INCLUDE_SOURCE;
				MTL_FAST_MATH = YES;
				ONLY_ACTIVE_ARCH = YES;
				SDKROOT = iphoneos;
				SWIFT_ACTIVE_COMPILATION_CONDITIONS = DEBUG;
				SWIFT_OPTIMIZATION_LEVEL = "-Onone";
			};
			name = Debug;
		};
		C6C9F06D27AF7FDF00111420 /* Release */ = {
			isa = XCBuildConfiguration;
			buildSettings = {
				ALWAYS_SEARCH_USER_PATHS = NO;
				CLANG_ANALYZER_NONNULL = YES;
				CLANG_ANALYZER_NUMBER_OBJECT_CONVERSION = YES_AGGRESSIVE;
				CLANG_CXX_LANGUAGE_STANDARD = "gnu++17";
				CLANG_CXX_LIBRARY = "libc++";
				CLANG_ENABLE_MODULES = YES;
				CLANG_ENABLE_OBJC_ARC = YES;
				CLANG_ENABLE_OBJC_WEAK = YES;
				CLANG_WARN_BLOCK_CAPTURE_AUTORELEASING = YES;
				CLANG_WARN_BOOL_CONVERSION = YES;
				CLANG_WARN_COMMA = YES;
				CLANG_WARN_CONSTANT_CONVERSION = YES;
				CLANG_WARN_DEPRECATED_OBJC_IMPLEMENTATIONS = YES;
				CLANG_WARN_DIRECT_OBJC_ISA_USAGE = YES_ERROR;
				CLANG_WARN_DOCUMENTATION_COMMENTS = YES;
				CLANG_WARN_EMPTY_BODY = YES;
				CLANG_WARN_ENUM_CONVERSION = YES;
				CLANG_WARN_INFINITE_RECURSION = YES;
				CLANG_WARN_INT_CONVERSION = YES;
				CLANG_WARN_NON_LITERAL_NULL_CONVERSION = YES;
				CLANG_WARN_OBJC_IMPLICIT_RETAIN_SELF = YES;
				CLANG_WARN_OBJC_LITERAL_CONVERSION = YES;
				CLANG_WARN_OBJC_ROOT_CLASS = YES_ERROR;
				CLANG_WARN_QUOTED_INCLUDE_IN_FRAMEWORK_HEADER = YES;
				CLANG_WARN_RANGE_LOOP_ANALYSIS = YES;
				CLANG_WARN_STRICT_PROTOTYPES = YES;
				CLANG_WARN_SUSPICIOUS_MOVE = YES;
				CLANG_WARN_UNGUARDED_AVAILABILITY = YES_AGGRESSIVE;
				CLANG_WARN_UNREACHABLE_CODE = YES;
				CLANG_WARN__DUPLICATE_METHOD_MATCH = YES;
				COPY_PHASE_STRIP = NO;
				DEBUG_INFORMATION_FORMAT = "dwarf-with-dsym";
				ENABLE_NS_ASSERTIONS = NO;
				ENABLE_STRICT_OBJC_MSGSEND = YES;
				GCC_C_LANGUAGE_STANDARD = gnu11;
				GCC_NO_COMMON_BLOCKS = YES;
				GCC_WARN_64_TO_32_BIT_CONVERSION = YES;
				GCC_WARN_ABOUT_RETURN_TYPE = YES_ERROR;
				GCC_WARN_UNDECLARED_SELECTOR = YES;
				GCC_WARN_UNINITIALIZED_AUTOS = YES_AGGRESSIVE;
				GCC_WARN_UNUSED_FUNCTION = YES;
				GCC_WARN_UNUSED_VARIABLE = YES;
				IPHONEOS_DEPLOYMENT_TARGET = 15.2;
				MTL_ENABLE_DEBUG_INFO = NO;
				MTL_FAST_MATH = YES;
				SDKROOT = iphoneos;
				SWIFT_COMPILATION_MODE = wholemodule;
				SWIFT_OPTIMIZATION_LEVEL = "-O";
				VALIDATE_PRODUCT = YES;
			};
			name = Release;
		};
		C6C9F06F27AF7FDF00111420 /* Debug */ = {
			isa = XCBuildConfiguration;
			buildSettings = {
				ASSETCATALOG_COMPILER_APPICON_NAME = AppIcon;
				ASSETCATALOG_COMPILER_GLOBAL_ACCENT_COLOR_NAME = AccentColor;
				CODE_SIGN_STYLE = Automatic;
				CURRENT_PROJECT_VERSION = 1;
				DEVELOPMENT_TEAM = WBV73EJ8V2;
				GENERATE_INFOPLIST_FILE = YES;
				INFOPLIST_FILE = ContainerPageViewController/Info.plist;
				INFOPLIST_KEY_UIApplicationSupportsIndirectInputEvents = YES;
				INFOPLIST_KEY_UILaunchStoryboardName = LaunchScreen;
				INFOPLIST_KEY_UIMainStoryboardFile = Main;
				INFOPLIST_KEY_UISupportedInterfaceOrientations_iPad = "UIInterfaceOrientationPortrait UIInterfaceOrientationPortraitUpsideDown UIInterfaceOrientationLandscapeLeft UIInterfaceOrientationLandscapeRight";
				INFOPLIST_KEY_UISupportedInterfaceOrientations_iPhone = "UIInterfaceOrientationPortrait UIInterfaceOrientationLandscapeLeft UIInterfaceOrientationLandscapeRight";
				LD_RUNPATH_SEARCH_PATHS = (
					"$(inherited)",
					"@executable_path/Frameworks",
				);
				MARKETING_VERSION = 1.0;
				PRODUCT_BUNDLE_IDENTIFIER = net.millenbox2.www.ContainerPageViewController;
				PRODUCT_NAME = "$(TARGET_NAME)";
				SWIFT_EMIT_LOC_STRINGS = YES;
				SWIFT_VERSION = 5.0;
				TARGETED_DEVICE_FAMILY = "1,2";
			};
			name = Debug;
		};
		C6C9F07027AF7FDF00111420 /* Release */ = {
			isa = XCBuildConfiguration;
			buildSettings = {
				ASSETCATALOG_COMPILER_APPICON_NAME = AppIcon;
				ASSETCATALOG_COMPILER_GLOBAL_ACCENT_COLOR_NAME = AccentColor;
				CODE_SIGN_STYLE = Automatic;
				CURRENT_PROJECT_VERSION = 1;
				DEVELOPMENT_TEAM = WBV73EJ8V2;
				GENERATE_INFOPLIST_FILE = YES;
				INFOPLIST_FILE = ContainerPageViewController/Info.plist;
				INFOPLIST_KEY_UIApplicationSupportsIndirectInputEvents = YES;
				INFOPLIST_KEY_UILaunchStoryboardName = LaunchScreen;
				INFOPLIST_KEY_UIMainStoryboardFile = Main;
				INFOPLIST_KEY_UISupportedInterfaceOrientations_iPad = "UIInterfaceOrientationPortrait UIInterfaceOrientationPortraitUpsideDown UIInterfaceOrientationLandscapeLeft UIInterfaceOrientationLandscapeRight";
				INFOPLIST_KEY_UISupportedInterfaceOrientations_iPhone = "UIInterfaceOrientationPortrait UIInterfaceOrientationLandscapeLeft UIInterfaceOrientationLandscapeRight";
				LD_RUNPATH_SEARCH_PATHS = (
					"$(inherited)",
					"@executable_path/Frameworks",
				);
				MARKETING_VERSION = 1.0;
				PRODUCT_BUNDLE_IDENTIFIER = net.millenbox2.www.ContainerPageViewController;
				PRODUCT_NAME = "$(TARGET_NAME)";
				SWIFT_EMIT_LOC_STRINGS = YES;
				SWIFT_VERSION = 5.0;
				TARGETED_DEVICE_FAMILY = "1,2";
			};
			name = Release;
		};
/* End XCBuildConfiguration section */

/* Begin XCConfigurationList section */
		C6C9F05527AF7FDE00111420 /* Build configuration list for PBXProject "ContainerPageViewController" */ = {
			isa = XCConfigurationList;
			buildConfigurations = (
				C6C9F06C27AF7FDF00111420 /* Debug */,
				C6C9F06D27AF7FDF00111420 /* Release */,
			);
			defaultConfigurationIsVisible = 0;
			defaultConfigurationName = Release;
		};
		C6C9F06E27AF7FDF00111420 /* Build configuration list for PBXNativeTarget "ContainerPageViewController" */ = {
			isa = XCConfigurationList;
			buildConfigurations = (
				C6C9F06F27AF7FDF00111420 /* Debug */,
				C6C9F07027AF7FDF00111420 /* Release */,
			);
			defaultConfigurationIsVisible = 0;
			defaultConfigurationName = Release;
		};
/* End XCConfigurationList section */
	};
	rootObject = C6C9F05227AF7FDE00111420 /* Project object */;
}
